
Microsoft Visual Studio Solution File, Format Version 12.00
# Visual Studio 2012
Project("{FAE04EC0-301F-11D3-BF4B-00C04F79EFBC}") = "CiWong.OpenAPI.Core", "CiWong.OpenAPI.Core\CiWong.OpenAPI.Core.csproj", "{9222BF76-85E3-4FF7-BA97-DDCFD1A10A1F}"
EndProject
Project("{2150E333-8FDC-42A3-9474-1A3956D46DE8}") = "CiWong.OpenAPI", "CiWong.OpenAPI", "{3AD6C3B3-37E8-4309-BCFC-609A7DCA145E}"
EndProject
Project("{2150E333-8FDC-42A3-9474-1A3956D46DE8}") = "作业系统", "作业系统", "{DA11771C-9C11-4DE3-9D19-F823434274D9}"
EndProject
Project("{2150E333-8FDC-42A3-9474-1A3956D46DE8}") = "作业应用", "作业应用", "{0E4DD97F-4BCD-4AB9-9A46-FB9C9FFC01EE}"
EndProject
Project("{2150E333-8FDC-42A3-9474-1A3956D46DE8}") = "资源与打包", "资源与打包", "{8BF865C8-4A96-40ED-9A40-EAFA6734046C}"
EndProject
Project("{2150E333-8FDC-42A3-9474-1A3956D46DE8}") = "校园书店", "校园书店", "{4FABBC09-A67E-4C18-BA5F-0BE702D51010}"
EndProject
Project("{2150E333-8FDC-42A3-9474-1A3956D46DE8}") = "6v68电商", "6v68电商", "{931B8AB8-998C-4ABE-858A-03C829799C0E}"
EndProject
Project("{FAE04EC0-301F-11D3-BF4B-00C04F79EFBC}") = "CiWong.OpenAPI.Web", "CiWong.OpenAPI.Web\CiWong.OpenAPI.Web.csproj", "{5FF50A44-3873-4B2D-AB5B-9E3A40019909}"
EndProject
Project("{FAE04EC0-301F-11D3-BF4B-00C04F79EFBC}") = "CiWong.OpenAPI.ToolsAndPackage", "CiWong.OpenAPI\CiWong.OpenAPI.Package\CiWong.OpenAPI.ToolsAndPackage.csproj", "{7C2D3430-34E7-4DDC-B2E6-787FD7EB9B1E}"
EndProject
Global
	GlobalSection(SolutionConfigurationPlatforms) = preSolution
		Debug|Any CPU = Debug|Any CPU
		Release|Any CPU = Release|Any CPU
	EndGlobalSection
	GlobalSection(ProjectConfigurationPlatforms) = postSolution
		{9222BF76-85E3-4FF7-BA97-DDCFD1A10A1F}.Debug|Any CPU.ActiveCfg = Debug|Any CPU
		{9222BF76-85E3-4FF7-BA97-DDCFD1A10A1F}.Debug|Any CPU.Build.0 = Debug|Any CPU
		{9222BF76-85E3-4FF7-BA97-DDCFD1A10A1F}.Release|Any CPU.ActiveCfg = Release|Any CPU
		{9222BF76-85E3-4FF7-BA97-DDCFD1A10A1F}.Release|Any CPU.Build.0 = Release|Any CPU
		{5FF50A44-3873-4B2D-AB5B-9E3A40019909}.Debug|Any CPU.ActiveCfg = Debug|Any CPU
		{5FF50A44-3873-4B2D-AB5B-9E3A40019909}.Debug|Any CPU.Build.0 = Debug|Any CPU
		{5FF50A44-3873-4B2D-AB5B-9E3A40019909}.Release|Any CPU.ActiveCfg = Release|Any CPU
		{5FF50A44-3873-4B2D-AB5B-9E3A40019909}.Release|Any CPU.Build.0 = Release|Any CPU
		{7C2D3430-34E7-4DDC-B2E6-787FD7EB9B1E}.Debug|Any CPU.ActiveCfg = Debug|Any CPU
		{7C2D3430-34E7-4DDC-B2E6-787FD7EB9B1E}.Debug|Any CPU.Build.0 = Debug|Any CPU
		{7C2D3430-34E7-4DDC-B2E6-787FD7EB9B1E}.Release|Any CPU.ActiveCfg = Release|Any CPU
		{7C2D3430-34E7-4DDC-B2E6-787FD7EB9B1E}.Release|Any CPU.Build.0 = Release|Any CPU
	EndGlobalSection
	GlobalSection(SolutionProperties) = preSolution
		HideSolutionNode = FALSE
	EndGlobalSection
	GlobalSection(NestedProjects) = preSolution
		{DA11771C-9C11-4DE3-9D19-F823434274D9} = {3AD6C3B3-37E8-4309-BCFC-609A7DCA145E}
		{0E4DD97F-4BCD-4AB9-9A46-FB9C9FFC01EE} = {3AD6C3B3-37E8-4309-BCFC-609A7DCA145E}
		{8BF865C8-4A96-40ED-9A40-EAFA6734046C} = {3AD6C3B3-37E8-4309-BCFC-609A7DCA145E}
		{4FABBC09-A67E-4C18-BA5F-0BE702D51010} = {3AD6C3B3-37E8-4309-BCFC-609A7DCA145E}
		{931B8AB8-998C-4ABE-858A-03C829799C0E} = {3AD6C3B3-37E8-4309-BCFC-609A7DCA145E}
		{7C2D3430-34E7-4DDC-B2E6-787FD7EB9B1E} = {8BF865C8-4A96-40ED-9A40-EAFA6734046C}
	EndGlobalSection
EndGlobal
